// !$*UTF8*$!
{
	archiveVersion = 1;
	classes = {
	};
	objectVersion = 56;
	objects = {

/* Begin PBXBuildFile section */
		923902F12AD8720E00937818 /* Chat.swift in Sources */ = {isa = PBXBuildFile; fileRef = 923902F02AD8720E00937818 /* Chat.swift */; };
		923902F32AD8E0D800937818 /* UITextView+.swift in Sources */ = {isa = PBXBuildFile; fileRef = 923902F22AD8E0D800937818 /* UITextView+.swift */; };
		923902F52AD8E18E00937818 /* Pet.swift in Sources */ = {isa = PBXBuildFile; fileRef = 923902F42AD8E18E00937818 /* Pet.swift */; };
		923902FB2AD98DD700937818 /* ChatGPTData.swift in Sources */ = {isa = PBXBuildFile; fileRef = 923902FA2AD98DD700937818 /* ChatGPTData.swift */; };
		923902FD2AD98F2700937818 /* ChatGPTInfo.plist in Resources */ = {isa = PBXBuildFile; fileRef = 923902FC2AD98F2700937818 /* ChatGPTInfo.plist */; };
		923902FF2AD98FE000937818 /* Bundle+.swift in Sources */ = {isa = PBXBuildFile; fileRef = 923902FE2AD98FE000937818 /* Bundle+.swift */; };
		923903022AD9948500937818 /* Network.swift in Sources */ = {isa = PBXBuildFile; fileRef = 923903012AD9948500937818 /* Network.swift */; };
		923903042ADAE88800937818 /* Role.swift in Sources */ = {isa = PBXBuildFile; fileRef = 923903032ADAE88800937818 /* Role.swift */; };
		923903062ADAE93C00937818 /* PetSetting.swift in Sources */ = {isa = PBXBuildFile; fileRef = 923903052ADAE93C00937818 /* PetSetting.swift */; };
		9239030B2ADBDDBB00937818 /* PaddingLabel.swift in Sources */ = {isa = PBXBuildFile; fileRef = 9239030A2ADBDDBB00937818 /* PaddingLabel.swift */; };
		92C43EE32AD8135500B4DADE /* AppDelegate.swift in Sources */ = {isa = PBXBuildFile; fileRef = 92C43EE22AD8135500B4DADE /* AppDelegate.swift */; };
		92C43EE52AD8135500B4DADE /* SceneDelegate.swift in Sources */ = {isa = PBXBuildFile; fileRef = 92C43EE42AD8135500B4DADE /* SceneDelegate.swift */; };
		92C43EE72AD8135500B4DADE /* PetInformationViewController.swift in Sources */ = {isa = PBXBuildFile; fileRef = 92C43EE62AD8135500B4DADE /* PetInformationViewController.swift */; };
		92C43EEC2AD8135600B4DADE /* Assets.xcassets in Resources */ = {isa = PBXBuildFile; fileRef = 92C43EEB2AD8135600B4DADE /* Assets.xcassets */; };
		92C43EEF2AD8135600B4DADE /* LaunchScreen.storyboard in Resources */ = {isa = PBXBuildFile; fileRef = 92C43EED2AD8135600B4DADE /* LaunchScreen.storyboard */; };
		92C43EF72AD8179100B4DADE /* UITextField+.swift in Sources */ = {isa = PBXBuildFile; fileRef = 92C43EF62AD8179100B4DADE /* UITextField+.swift */; };
		92C43EF92AD819F800B4DADE /* ChatViewController.swift in Sources */ = {isa = PBXBuildFile; fileRef = 92C43EF82AD819F800B4DADE /* ChatViewController.swift */; };
		92C43EFB2AD81F7700B4DADE /* UIStackView+.swift in Sources */ = {isa = PBXBuildFile; fileRef = 92C43EFA2AD81F7700B4DADE /* UIStackView+.swift */; };
		92C43EFD2AD81F9200B4DADE /* UIButton+.swift in Sources */ = {isa = PBXBuildFile; fileRef = 92C43EFC2AD81F9200B4DADE /* UIButton+.swift */; };
		92C43F002AD849DB00B4DADE /* UserChatCell.swift in Sources */ = {isa = PBXBuildFile; fileRef = 92C43EFF2AD849DB00B4DADE /* UserChatCell.swift */; };
		92C43F022AD849F000B4DADE /* PetChatCell.swift in Sources */ = {isa = PBXBuildFile; fileRef = 92C43F012AD849F000B4DADE /* PetChatCell.swift */; };
/* End PBXBuildFile section */

/* Begin PBXFileReference section */
		923902F02AD8720E00937818 /* Chat.swift */ = {isa = PBXFileReference; lastKnownFileType = sourcecode.swift; path = Chat.swift; sourceTree = "<group>"; };
		923902F22AD8E0D800937818 /* UITextView+.swift */ = {isa = PBXFileReference; lastKnownFileType = sourcecode.swift; path = "UITextView+.swift"; sourceTree = "<group>"; };
		923902F42AD8E18E00937818 /* Pet.swift */ = {isa = PBXFileReference; lastKnownFileType = sourcecode.swift; path = Pet.swift; sourceTree = "<group>"; };
		923902FA2AD98DD700937818 /* ChatGPTData.swift */ = {isa = PBXFileReference; lastKnownFileType = sourcecode.swift; path = ChatGPTData.swift; sourceTree = "<group>"; };
		923902FC2AD98F2700937818 /* ChatGPTInfo.plist */ = {isa = PBXFileReference; lastKnownFileType = text.plist.xml; path = ChatGPTInfo.plist; sourceTree = "<group>"; };
		923902FE2AD98FE000937818 /* Bundle+.swift */ = {isa = PBXFileReference; lastKnownFileType = sourcecode.swift; path = "Bundle+.swift"; sourceTree = "<group>"; };
		923903012AD9948500937818 /* Network.swift */ = {isa = PBXFileReference; lastKnownFileType = sourcecode.swift; path = Network.swift; sourceTree = "<group>"; };
		923903032ADAE88800937818 /* Role.swift */ = {isa = PBXFileReference; lastKnownFileType = sourcecode.swift; path = Role.swift; sourceTree = "<group>"; };
		923903052ADAE93C00937818 /* PetSetting.swift */ = {isa = PBXFileReference; lastKnownFileType = sourcecode.swift; path = PetSetting.swift; sourceTree = "<group>"; };
		9239030A2ADBDDBB00937818 /* PaddingLabel.swift */ = {isa = PBXFileReference; lastKnownFileType = sourcecode.swift; path = PaddingLabel.swift; sourceTree = "<group>"; };
		92C43EDF2AD8135500B4DADE /* PetLanguage.app */ = {isa = PBXFileReference; explicitFileType = wrapper.application; includeInIndex = 0; path = PetLanguage.app; sourceTree = BUILT_PRODUCTS_DIR; };
		92C43EE22AD8135500B4DADE /* AppDelegate.swift */ = {isa = PBXFileReference; lastKnownFileType = sourcecode.swift; path = AppDelegate.swift; sourceTree = "<group>"; };
		92C43EE42AD8135500B4DADE /* SceneDelegate.swift */ = {isa = PBXFileReference; lastKnownFileType = sourcecode.swift; path = SceneDelegate.swift; sourceTree = "<group>"; };
		92C43EE62AD8135500B4DADE /* PetInformationViewController.swift */ = {isa = PBXFileReference; lastKnownFileType = sourcecode.swift; path = PetInformationViewController.swift; sourceTree = "<group>"; };
		92C43EEB2AD8135600B4DADE /* Assets.xcassets */ = {isa = PBXFileReference; lastKnownFileType = folder.assetcatalog; path = Assets.xcassets; sourceTree = "<group>"; };
		92C43EEE2AD8135600B4DADE /* Base */ = {isa = PBXFileReference; lastKnownFileType = file.storyboard; name = Base; path = Base.lproj/LaunchScreen.storyboard; sourceTree = "<group>"; };
		92C43EF02AD8135600B4DADE /* Info.plist */ = {isa = PBXFileReference; lastKnownFileType = text.plist.xml; path = Info.plist; sourceTree = "<group>"; };
		92C43EF62AD8179100B4DADE /* UITextField+.swift */ = {isa = PBXFileReference; lastKnownFileType = sourcecode.swift; path = "UITextField+.swift"; sourceTree = "<group>"; };
		92C43EF82AD819F800B4DADE /* ChatViewController.swift */ = {isa = PBXFileReference; lastKnownFileType = sourcecode.swift; path = ChatViewController.swift; sourceTree = "<group>"; };
		92C43EFA2AD81F7700B4DADE /* UIStackView+.swift */ = {isa = PBXFileReference; lastKnownFileType = sourcecode.swift; path = "UIStackView+.swift"; sourceTree = "<group>"; };
		92C43EFC2AD81F9200B4DADE /* UIButton+.swift */ = {isa = PBXFileReference; lastKnownFileType = sourcecode.swift; path = "UIButton+.swift"; sourceTree = "<group>"; };
		92C43EFF2AD849DB00B4DADE /* UserChatCell.swift */ = {isa = PBXFileReference; lastKnownFileType = sourcecode.swift; path = UserChatCell.swift; sourceTree = "<group>"; };
		92C43F012AD849F000B4DADE /* PetChatCell.swift */ = {isa = PBXFileReference; lastKnownFileType = sourcecode.swift; path = PetChatCell.swift; sourceTree = "<group>"; };
/* End PBXFileReference section */

/* Begin PBXFrameworksBuildPhase section */
		92C43EDC2AD8135500B4DADE /* Frameworks */ = {
			isa = PBXFrameworksBuildPhase;
			buildActionMask = 2147483647;
			files = (
			);
			runOnlyForDeploymentPostprocessing = 0;
		};
/* End PBXFrameworksBuildPhase section */

/* Begin PBXGroup section */
		923902F62AD8E29700937818 /* TableViewCell */ = {
			isa = PBXGroup;
			children = (
				92C43EFF2AD849DB00B4DADE /* UserChatCell.swift */,
				92C43F012AD849F000B4DADE /* PetChatCell.swift */,
			);
			path = TableViewCell;
			sourceTree = "<group>";
		};
		923902F72AD8E2AC00937818 /* ViewController */ = {
			isa = PBXGroup;
			children = (
				92C43EE62AD8135500B4DADE /* PetInformationViewController.swift */,
				92C43EF82AD819F800B4DADE /* ChatViewController.swift */,
			);
			path = ViewController;
			sourceTree = "<group>";
		};
		923903002AD9944A00937818 /* Model */ = {
			isa = PBXGroup;
			children = (
				923902F02AD8720E00937818 /* Chat.swift */,
				923902F42AD8E18E00937818 /* Pet.swift */,
				923902FA2AD98DD700937818 /* ChatGPTData.swift */,
				923903032ADAE88800937818 /* Role.swift */,
				923903052ADAE93C00937818 /* PetSetting.swift */,
			);
			path = Model;
			sourceTree = "<group>";
		};
		92B0D6382ADD6E5B0014D17C /* View */ = {
			isa = PBXGroup;
			children = (
				9239030A2ADBDDBB00937818 /* PaddingLabel.swift */,
				923902F62AD8E29700937818 /* TableViewCell */,
			);
			path = View;
			sourceTree = "<group>";
		};
		92B0D6392ADD6E6A0014D17C /* Network */ = {
			isa = PBXGroup;
			children = (
				923903012AD9948500937818 /* Network.swift */,
			);
			path = Network;
			sourceTree = "<group>";
		};
		92C43ED62AD8135500B4DADE = {
			isa = PBXGroup;
			children = (
				92C43EE12AD8135500B4DADE /* PetLanguage */,
				92C43EE02AD8135500B4DADE /* Products */,
			);
			sourceTree = "<group>";
		};
		92C43EE02AD8135500B4DADE /* Products */ = {
			isa = PBXGroup;
			children = (
				92C43EDF2AD8135500B4DADE /* PetLanguage.app */,
			);
			name = Products;
			sourceTree = "<group>";
		};
		92C43EE12AD8135500B4DADE /* PetLanguage */ = {
			isa = PBXGroup;
			children = (
				92C43EFE2AD8203000B4DADE /* Extension */,
				923903002AD9944A00937818 /* Model */,
				92B0D6382ADD6E5B0014D17C /* View */,
				923902F72AD8E2AC00937818 /* ViewController */,
				92B0D6392ADD6E6A0014D17C /* Network */,
				92C43EE22AD8135500B4DADE /* AppDelegate.swift */,
				92C43EE42AD8135500B4DADE /* SceneDelegate.swift */,
				92C43EEB2AD8135600B4DADE /* Assets.xcassets */,
				92C43EED2AD8135600B4DADE /* LaunchScreen.storyboard */,
				92C43EF02AD8135600B4DADE /* Info.plist */,
				923902FC2AD98F2700937818 /* ChatGPTInfo.plist */,
			);
			path = PetLanguage;
			sourceTree = "<group>";
		};
		92C43EFE2AD8203000B4DADE /* Extension */ = {
			isa = PBXGroup;
			children = (
				92C43EF62AD8179100B4DADE /* UITextField+.swift */,
				92C43EFA2AD81F7700B4DADE /* UIStackView+.swift */,
				92C43EFC2AD81F9200B4DADE /* UIButton+.swift */,
				923902F22AD8E0D800937818 /* UITextView+.swift */,
				923902FE2AD98FE000937818 /* Bundle+.swift */,
			);
			path = Extension;
			sourceTree = "<group>";
		};
/* End PBXGroup section */

/* Begin PBXNativeTarget section */
		92C43EDE2AD8135500B4DADE /* PetLanguage */ = {
			isa = PBXNativeTarget;
			buildConfigurationList = 92C43EF32AD8135600B4DADE /* Build configuration list for PBXNativeTarget "PetLanguage" */;
			buildPhases = (
				92C43EDB2AD8135500B4DADE /* Sources */,
				92C43EDC2AD8135500B4DADE /* Frameworks */,
				92C43EDD2AD8135500B4DADE /* Resources */,
			);
			buildRules = (
			);
			dependencies = (
			);
			name = PetLanguage;
			productName = PetLanguage;
			productReference = 92C43EDF2AD8135500B4DADE /* PetLanguage.app */;
			productType = "com.apple.product-type.application";
		};
/* End PBXNativeTarget section */

/* Begin PBXProject section */
		92C43ED72AD8135500B4DADE /* Project object */ = {
			isa = PBXProject;
			attributes = {
				BuildIndependentTargetsInParallel = 1;
				LastSwiftUpdateCheck = 1500;
				LastUpgradeCheck = 1500;
				TargetAttributes = {
					92C43EDE2AD8135500B4DADE = {
						CreatedOnToolsVersion = 15.0;
					};
				};
			};
			buildConfigurationList = 92C43EDA2AD8135500B4DADE /* Build configuration list for PBXProject "PetLanguage" */;
			compatibilityVersion = "Xcode 14.0";
			developmentRegion = en;
			hasScannedForEncodings = 0;
			knownRegions = (
				en,
				Base,
			);
			mainGroup = 92C43ED62AD8135500B4DADE;
			productRefGroup = 92C43EE02AD8135500B4DADE /* Products */;
			projectDirPath = "";
			projectRoot = "";
			targets = (
				92C43EDE2AD8135500B4DADE /* PetLanguage */,
			);
		};
/* End PBXProject section */

/* Begin PBXResourcesBuildPhase section */
		92C43EDD2AD8135500B4DADE /* Resources */ = {
			isa = PBXResourcesBuildPhase;
			buildActionMask = 2147483647;
			files = (
				92C43EEF2AD8135600B4DADE /* LaunchScreen.storyboard in Resources */,
				923902FD2AD98F2700937818 /* ChatGPTInfo.plist in Resources */,
				92C43EEC2AD8135600B4DADE /* Assets.xcassets in Resources */,
			);
			runOnlyForDeploymentPostprocessing = 0;
		};
/* End PBXResourcesBuildPhase section */

/* Begin PBXSourcesBuildPhase section */
		92C43EDB2AD8135500B4DADE /* Sources */ = {
			isa = PBXSourcesBuildPhase;
			buildActionMask = 2147483647;
			files = (
				9239030B2ADBDDBB00937818 /* PaddingLabel.swift in Sources */,
				92C43EE72AD8135500B4DADE /* PetInformationViewController.swift in Sources */,
				923902FF2AD98FE000937818 /* Bundle+.swift in Sources */,
				92C43EFD2AD81F9200B4DADE /* UIButton+.swift in Sources */,
				92C43F022AD849F000B4DADE /* PetChatCell.swift in Sources */,
				923902F12AD8720E00937818 /* Chat.swift in Sources */,
				92C43EFB2AD81F7700B4DADE /* UIStackView+.swift in Sources */,
				92C43EF92AD819F800B4DADE /* ChatViewController.swift in Sources */,
				923903062ADAE93C00937818 /* PetSetting.swift in Sources */,
				923903042ADAE88800937818 /* Role.swift in Sources */,
				92C43F002AD849DB00B4DADE /* UserChatCell.swift in Sources */,
				92C43EE32AD8135500B4DADE /* AppDelegate.swift in Sources */,
				92C43EE52AD8135500B4DADE /* SceneDelegate.swift in Sources */,
				923902F52AD8E18E00937818 /* Pet.swift in Sources */,
				923902F32AD8E0D800937818 /* UITextView+.swift in Sources */,
				92C43EF72AD8179100B4DADE /* UITextField+.swift in Sources */,
				923903022AD9948500937818 /* Network.swift in Sources */,
				923902FB2AD98DD700937818 /* ChatGPTData.swift in Sources */,
			);
			runOnlyForDeploymentPostprocessing = 0;
		};
/* End PBXSourcesBuildPhase section */

/* Begin PBXVariantGroup section */
		92C43EED2AD8135600B4DADE /* LaunchScreen.storyboard */ = {
			isa = PBXVariantGroup;
			children = (
				92C43EEE2AD8135600B4DADE /* Base */,
			);
			name = LaunchScreen.storyboard;
			sourceTree = "<group>";
		};
/* End PBXVariantGroup section */

/* Begin XCBuildConfiguration section */
		92C43EF12AD8135600B4DADE /* Debug */ = {
			isa = XCBuildConfiguration;
			buildSettings = {
				ALWAYS_SEARCH_USER_PATHS = NO;
				ASSETCATALOG_COMPILER_GENERATE_SWIFT_ASSET_SYMBOL_EXTENSIONS = YES;
				CLANG_ANALYZER_NONNULL = YES;
				CLANG_ANALYZER_NUMBER_OBJECT_CONVERSION = YES_AGGRESSIVE;
				CLANG_CXX_LANGUAGE_STANDARD = "gnu++20";
				CLANG_ENABLE_MODULES = YES;
				CLANG_ENABLE_OBJC_ARC = YES;
				CLANG_ENABLE_OBJC_WEAK = YES;
				CLANG_WARN_BLOCK_CAPTURE_AUTORELEASING = YES;
				CLANG_WARN_BOOL_CONVERSION = YES;
				CLANG_WARN_COMMA = YES;
				CLANG_WARN_CONSTANT_CONVERSION = YES;
				CLANG_WARN_DEPRECATED_OBJC_IMPLEMENTATIONS = YES;
				CLANG_WARN_DIRECT_OBJC_ISA_USAGE = YES_ERROR;
				CLANG_WARN_DOCUMENTATION_COMMENTS = YES;
				CLANG_WARN_EMPTY_BODY = YES;
				CLANG_WARN_ENUM_CONVERSION = YES;
				CLANG_WARN_INFINITE_RECURSION = YES;
				CLANG_WARN_INT_CONVERSION = YES;
				CLANG_WARN_NON_LITERAL_NULL_CONVERSION = YES;
				CLANG_WARN_OBJC_IMPLICIT_RETAIN_SELF = YES;
				CLANG_WARN_OBJC_LITERAL_CONVERSION = YES;
				CLANG_WARN_OBJC_ROOT_CLASS = YES_ERROR;
				CLANG_WARN_QUOTED_INCLUDE_IN_FRAMEWORK_HEADER = YES;
				CLANG_WARN_RANGE_LOOP_ANALYSIS = YES;
				CLANG_WARN_STRICT_PROTOTYPES = YES;
				CLANG_WARN_SUSPICIOUS_MOVE = YES;
				CLANG_WARN_UNGUARDED_AVAILABILITY = YES_AGGRESSIVE;
				CLANG_WARN_UNREACHABLE_CODE = YES;
				CLANG_WARN__DUPLICATE_METHOD_MATCH = YES;
				COPY_PHASE_STRIP = NO;
				DEBUG_INFORMATION_FORMAT = dwarf;
				ENABLE_STRICT_OBJC_MSGSEND = YES;
				ENABLE_TESTABILITY = YES;
				ENABLE_USER_SCRIPT_SANDBOXING = YES;
				GCC_C_LANGUAGE_STANDARD = gnu17;
				GCC_DYNAMIC_NO_PIC = NO;
				GCC_NO_COMMON_BLOCKS = YES;
				GCC_OPTIMIZATION_LEVEL = 0;
				GCC_PREPROCESSOR_DEFINITIONS = (
					"DEBUG=1",
					"$(inherited)",
				);
				GCC_WARN_64_TO_32_BIT_CONVERSION = YES;
				GCC_WARN_ABOUT_RETURN_TYPE = YES_ERROR;
				GCC_WARN_UNDECLARED_SELECTOR = YES;
				GCC_WARN_UNINITIALIZED_AUTOS = YES_AGGRESSIVE;
				GCC_WARN_UNUSED_FUNCTION = YES;
				GCC_WARN_UNUSED_VARIABLE = YES;
				IPHONEOS_DEPLOYMENT_TARGET = 17.0;
				LOCALIZATION_PREFERS_STRING_CATALOGS = YES;
				MTL_ENABLE_DEBUG_INFO = INCLUDE_SOURCE;
				MTL_FAST_MATH = YES;
				ONLY_ACTIVE_ARCH = YES;
				SDKROOT = iphoneos;
				SWIFT_ACTIVE_COMPILATION_CONDITIONS = "DEBUG $(inherited)";
				SWIFT_OPTIMIZATION_LEVEL = "-Onone";
			};
			name = Debug;
		};
		92C43EF22AD8135600B4DADE /* Release */ = {
			isa = XCBuildConfiguration;
			buildSettings = {
				ALWAYS_SEARCH_USER_PATHS = NO;
				ASSETCATALOG_COMPILER_GENERATE_SWIFT_ASSET_SYMBOL_EXTENSIONS = YES;
				CLANG_ANALYZER_NONNULL = YES;
				CLANG_ANALYZER_NUMBER_OBJECT_CONVERSION = YES_AGGRESSIVE;
				CLANG_CXX_LANGUAGE_STANDARD = "gnu++20";
				CLANG_ENABLE_MODULES = YES;
				CLANG_ENABLE_OBJC_ARC = YES;
				CLANG_ENABLE_OBJC_WEAK = YES;
				CLANG_WARN_BLOCK_CAPTURE_AUTORELEASING = YES;
				CLANG_WARN_BOOL_CONVERSION = YES;
				CLANG_WARN_COMMA = YES;
				CLANG_WARN_CONSTANT_CONVERSION = YES;
				CLANG_WARN_DEPRECATED_OBJC_IMPLEMENTATIONS = YES;
				CLANG_WARN_DIRECT_OBJC_ISA_USAGE = YES_ERROR;
				CLANG_WARN_DOCUMENTATION_COMMENTS = YES;
				CLANG_WARN_EMPTY_BODY = YES;
				CLANG_WARN_ENUM_CONVERSION = YES;
				CLANG_WARN_INFINITE_RECURSION = YES;
				CLANG_WARN_INT_CONVERSION = YES;
				CLANG_WARN_NON_LITERAL_NULL_CONVERSION = YES;
				CLANG_WARN_OBJC_IMPLICIT_RETAIN_SELF = YES;
				CLANG_WARN_OBJC_LITERAL_CONVERSION = YES;
				CLANG_WARN_OBJC_ROOT_CLASS = YES_ERROR;
				CLANG_WARN_QUOTED_INCLUDE_IN_FRAMEWORK_HEADER = YES;
				CLANG_WARN_RANGE_LOOP_ANALYSIS = YES;
				CLANG_WARN_STRICT_PROTOTYPES = YES;
				CLANG_WARN_SUSPICIOUS_MOVE = YES;
				CLANG_WARN_UNGUARDED_AVAILABILITY = YES_AGGRESSIVE;
				CLANG_WARN_UNREACHABLE_CODE = YES;
				CLANG_WARN__DUPLICATE_METHOD_MATCH = YES;
				COPY_PHASE_STRIP = NO;
				DEBUG_INFORMATION_FORMAT = "dwarf-with-dsym";
				ENABLE_NS_ASSERTIONS = NO;
				ENABLE_STRICT_OBJC_MSGSEND = YES;
				ENABLE_USER_SCRIPT_SANDBOXING = YES;
				GCC_C_LANGUAGE_STANDARD = gnu17;
				GCC_NO_COMMON_BLOCKS = YES;
				GCC_WARN_64_TO_32_BIT_CONVERSION = YES;
				GCC_WARN_ABOUT_RETURN_TYPE = YES_ERROR;
				GCC_WARN_UNDECLARED_SELECTOR = YES;
				GCC_WARN_UNINITIALIZED_AUTOS = YES_AGGRESSIVE;
				GCC_WARN_UNUSED_FUNCTION = YES;
				GCC_WARN_UNUSED_VARIABLE = YES;
				IPHONEOS_DEPLOYMENT_TARGET = 17.0;
				LOCALIZATION_PREFERS_STRING_CATALOGS = YES;
				MTL_ENABLE_DEBUG_INFO = NO;
				MTL_FAST_MATH = YES;
				SDKROOT = iphoneos;
				SWIFT_COMPILATION_MODE = wholemodule;
				VALIDATE_PRODUCT = YES;
			};
			name = Release;
		};
		92C43EF42AD8135600B4DADE /* Debug */ = {
			isa = XCBuildConfiguration;
			buildSettings = {
				ASSETCATALOG_COMPILER_APPICON_NAME = AppIcon;
				ASSETCATALOG_COMPILER_GLOBAL_ACCENT_COLOR_NAME = AccentColor;
				CODE_SIGN_STYLE = Automatic;
				CURRENT_PROJECT_VERSION = 1;
				DEVELOPMENT_TEAM = 7893FPZS4T;
				GENERATE_INFOPLIST_FILE = YES;
				INFOPLIST_FILE = PetLanguage/Info.plist;
				INFOPLIST_KEY_UIApplicationSupportsIndirectInputEvents = YES;
				INFOPLIST_KEY_UILaunchStoryboardName = LaunchScreen;
				INFOPLIST_KEY_UISupportedInterfaceOrientations_iPad = "UIInterfaceOrientationPortrait UIInterfaceOrientationPortraitUpsideDown UIInterfaceOrientationLandscapeLeft UIInterfaceOrientationLandscapeRight";
				INFOPLIST_KEY_UISupportedInterfaceOrientations_iPhone = "UIInterfaceOrientationPortrait UIInterfaceOrientationLandscapeLeft UIInterfaceOrientationLandscapeRight";
				LD_RUNPATH_SEARCH_PATHS = (
					"$(inherited)",
					"@executable_path/Frameworks",
				);
				MARKETING_VERSION = 1.0;
				PRODUCT_BUNDLE_IDENTIFIER = kr.traum.marchen.PetLanguage;
				PRODUCT_NAME = "$(TARGET_NAME)";
				SWIFT_EMIT_LOC_STRINGS = YES;
				SWIFT_VERSION = 5.0;
				TARGETED_DEVICE_FAMILY = "1,2";
			};
			name = Debug;
		};
		92C43EF52AD8135600B4DADE /* Release */ = {
			isa = XCBuildConfiguration;
			buildSettings = {
				ASSETCATALOG_COMPILER_APPICON_NAME = AppIcon;
				ASSETCATALOG_COMPILER_GLOBAL_ACCENT_COLOR_NAME = AccentColor;
				CODE_SIGN_STYLE = Automatic;
				CURRENT_PROJECT_VERSION = 1;
				DEVELOPMENT_TEAM = 7893FPZS4T;
				GENERATE_INFOPLIST_FILE = YES;
				INFOPLIST_FILE = PetLanguage/Info.plist;
				INFOPLIST_KEY_UIApplicationSupportsIndirectInputEvents = YES;
				INFOPLIST_KEY_UILaunchStoryboardName = LaunchScreen;
				INFOPLIST_KEY_UISupportedInterfaceOrientations_iPad = "UIInterfaceOrientationPortrait UIInterfaceOrientationPortraitUpsideDown UIInterfaceOrientationLandscapeLeft UIInterfaceOrientationLandscapeRight";
				INFOPLIST_KEY_UISupportedInterfaceOrientations_iPhone = "UIInterfaceOrientationPortrait UIInterfaceOrientationLandscapeLeft UIInterfaceOrientationLandscapeRight";
				LD_RUNPATH_SEARCH_PATHS = (
					"$(inherited)",
					"@executable_path/Frameworks",
				);
				MARKETING_VERSION = 1.0;
				PRODUCT_BUNDLE_IDENTIFIER = kr.traum.marchen.PetLanguage;
				PRODUCT_NAME = "$(TARGET_NAME)";
				SWIFT_EMIT_LOC_STRINGS = YES;
				SWIFT_VERSION = 5.0;
				TARGETED_DEVICE_FAMILY = "1,2";
			};
			name = Release;
		};
/* End XCBuildConfiguration section */

/* Begin XCConfigurationList section */
		92C43EDA2AD8135500B4DADE /* Build configuration list for PBXProject "PetLanguage" */ = {
			isa = XCConfigurationList;
			buildConfigurations = (
				92C43EF12AD8135600B4DADE /* Debug */,
				92C43EF22AD8135600B4DADE /* Release */,
			);
			defaultConfigurationIsVisible = 0;
			defaultConfigurationName = Release;
		};
		92C43EF32AD8135600B4DADE /* Build configuration list for PBXNativeTarget "PetLanguage" */ = {
			isa = XCConfigurationList;
			buildConfigurations = (
				92C43EF42AD8135600B4DADE /* Debug */,
				92C43EF52AD8135600B4DADE /* Release */,
			);
			defaultConfigurationIsVisible = 0;
			defaultConfigurationName = Release;
		};
/* End XCConfigurationList section */
	};
	rootObject = 92C43ED72AD8135500B4DADE /* Project object */;
}
